
Microsoft Visual Studio Solution File, Format Version 12.00
# Visual Studio 15
VisualStudioVersion = 15.0.27428.2037
MinimumVisualStudioVersion = 10.0.40219.1
Project("{FAE04EC0-301F-11D3-BF4B-00C04F79EFBC}") = "Section8_Lecture67", "Section8_Lecture67\Section8_Lecture67.csproj", "{74A74CDD-DC0D-4CDC-802F-03B59640658D}"
EndProject
Global
	GlobalSection(SolutionConfigurationPlatforms) = preSolution
		Debug|Any CPU = Debug|Any CPU
		Release|Any CPU = Release|Any CPU
	EndGlobalSection
	GlobalSection(ProjectConfigurationPlatforms) = postSolution
		{74A74CDD-DC0D-4CDC-802F-03B59640658D}.Debug|Any CPU.ActiveCfg = Debug|Any CPU
		{74A74CDD-DC0D-4CDC-802F-03B59640658D}.Debug|Any CPU.Build.0 = Debug|Any CPU
		{74A74CDD-DC0D-4CDC-802F-03B59640658D}.Release|Any CPU.ActiveCfg = Release|Any CPU
		{74A74CDD-DC0D-4CDC-802F-03B59640658D}.Release|Any CPU.Build.0 = Release|Any CPU
	EndGlobalSection
	GlobalSection(SolutionProperties) = preSolution
		HideSolutionNode = FALSE
	EndGlobalSection
	GlobalSection(ExtensibilityGlobals) = postSolution
		SolutionGuid = {7F58F92C-1E32-4532-A8CB-43FFA6170635}
	EndGlobalSection
EndGlobal
